
Microsoft Visual Studio Solution File, Format Version 12.00
# Visual Studio Version 16
VisualStudioVersion = 16.0.30002.166
MinimumVisualStudioVersion = 10.0.40219.1
Project("{FAE04EC0-301F-11D3-BF4B-00C04F79EFBC}") = "WebAPI", "WebAPI\WebAPI.csproj", "{3F8B0097-70F6-4E6F-B3CF-CBF29763C010}"
EndProject
Global
	GlobalSection(SolutionConfigurationPlatforms) = preSolution
		Debug|Any CPU = Debug|Any CPU
		Release|Any CPU = Release|Any CPU
	EndGlobalSection
	GlobalSection(ProjectConfigurationPlatforms) = postSolution
		{3F8B0097-70F6-4E6F-B3CF-CBF29763C010}.Debug|Any CPU.ActiveCfg = Debug|Any CPU
		{3F8B0097-70F6-4E6F-B3CF-CBF29763C010}.Debug|Any CPU.Build.0 = Debug|Any CPU
		{3F8B0097-70F6-4E6F-B3CF-CBF29763C010}.Release|Any CPU.ActiveCfg = Release|Any CPU
		{3F8B0097-70F6-4E6F-B3CF-CBF29763C010}.Release|Any CPU.Build.0 = Release|Any CPU
	EndGlobalSection
	GlobalSection(SolutionProperties) = preSolution
		HideSolutionNode = FALSE
	EndGlobalSection
	GlobalSection(ExtensibilityGlobals) = postSolution
		SolutionGuid = {F0940A2C-6158-48AE-9F6B-250BABF077D4}
	EndGlobalSection
EndGlobal
